{
  "name": "tailwind",
  "version": "1.0.0",
  "lockfileVersion": 2,
  "requires": true,
  "packages": {
    "": {
      "name": "tailwind",
      "version": "1.0.0",
      "license": "ISC",
      "dependencies": {
        "tailwindcss": "^0.0.1"
      }
    },
    "node_modules/tailwindcss": {
      "version": "0.0.1",
      "resolved": "https://registry.npmjs.org/tailwindcss/-/tailwindcss-0.0.1.tgz",
      "integrity": "sha512-XlG2sMpCOk30Eb3fz+yUP4/DjVVg1Edo5hYV6CIvf+M1wFkJ+gW4LzA1XXvlYsG5u3/tSTDvS1CtmlK5QnG7nA=="
    }
  },
  "dependencies": {
    "tailwindcss": {
      "version": "0.0.1",
      "resolved": "https://registry.npmjs.org/tailwindcss/-/tailwindcss-0.0.1.tgz",
      "integrity": "sha512-XlG2sMpCOk30Eb3fz+yUP4/DjVVg1Edo5hYV6CIvf+M1wFkJ+gW4LzA1XXvlYsG5u3/tSTDvS1CtmlK5QnG7nA=="
    }
  }
}
